
Microsoft Visual Studio Solution File, Format Version 12.00
# Visual Studio Version 17
VisualStudioVersion = 17.10.34916.146
MinimumVisualStudioVersion = 10.0.40219.1
Project("{FAE04EC0-301F-11D3-BF4B-00C04F79EFBC}") = "tarkov-server-finder", "tarkov-server-finder.csproj", "{1B63CB32-18C2-4E9C-ABE0-C66538961500}"
EndProject
Global
	GlobalSection(SolutionConfigurationPlatforms) = preSolution
		Debug|Any CPU = Debug|Any CPU
		Release|Any CPU = Release|Any CPU
	EndGlobalSection
	GlobalSection(ProjectConfigurationPlatforms) = postSolution
		{1B63CB32-18C2-4E9C-ABE0-C66538961500}.Debug|Any CPU.ActiveCfg = Debug|Any CPU
		{1B63CB32-18C2-4E9C-ABE0-C66538961500}.Debug|Any CPU.Build.0 = Debug|Any CPU
		{1B63CB32-18C2-4E9C-ABE0-C66538961500}.Release|Any CPU.ActiveCfg = Release|Any CPU
		{1B63CB32-18C2-4E9C-ABE0-C66538961500}.Release|Any CPU.Build.0 = Release|Any CPU
	EndGlobalSection
	GlobalSection(SolutionProperties) = preSolution
		HideSolutionNode = FALSE
	EndGlobalSection
	GlobalSection(ExtensibilityGlobals) = postSolution
		SolutionGuid = {D06B32D8-E188-4EC0-9FD4-D39F4DF2C952}
	EndGlobalSection
EndGlobal
